
Microsoft Visual Studio Solution File, Format Version 12.00
# Visual Studio Version 17
VisualStudioVersion = 17.14.36705.20 d17.14
MinimumVisualStudioVersion = 10.0.40219.1
Project("{FAE04EC0-301F-11D3-BF4B-00C04F79EFBC}") = "MVC", "MVC\MVC.csproj", "{830A4924-9994-4389-8510-C60709E45082}"
EndProject
Global
	GlobalSection(SolutionConfigurationPlatforms) = preSolution
		Debug|Any CPU = Debug|Any CPU
		Release|Any CPU = Release|Any CPU
	EndGlobalSection
	GlobalSection(ProjectConfigurationPlatforms) = postSolution
		{830A4924-9994-4389-8510-C60709E45082}.Debug|Any CPU.ActiveCfg = Debug|Any CPU
		{830A4924-9994-4389-8510-C60709E45082}.Debug|Any CPU.Build.0 = Debug|Any CPU
		{830A4924-9994-4389-8510-C60709E45082}.Release|Any CPU.ActiveCfg = Release|Any CPU
		{830A4924-9994-4389-8510-C60709E45082}.Release|Any CPU.Build.0 = Release|Any CPU
	EndGlobalSection
	GlobalSection(SolutionProperties) = preSolution
		HideSolutionNode = FALSE
	EndGlobalSection
	GlobalSection(ExtensibilityGlobals) = postSolution
		SolutionGuid = {7D2FBD50-990C-4BAF-BDE2-B448137EFBC5}
	EndGlobalSection
EndGlobal
